<?xml version="1.0" encoding="utf-8"?>
<Project ToolsVersion="4.0" xmlns="http://schemas.microsoft.com/developer/msbuild/2003">
  <ItemGroup>
    <Filter Include="Editor">
      <UniqueIdentifier>{8C1A20B0-78BC-4A86-6177-5EDA4DB8D1D6}</UniqueIdentifier>
    </Filter>
  </ItemGroup>
  <ItemGroup>
    <ClInclude Include="src\Editor\Console.h">
      <Filter>Editor</Filter>
    </ClInclude>
    <ClInclude Include="src\Editor\PropertiesPanel.h">
      <Filter>Editor</Filter>
    </ClInclude>
    <ClInclude Include="src\Editor\ScenePanel.h">
      <Filter>Editor</Filter>
    </ClInclude>
    <ClInclude Include="src\EditorLayer.h" />
    <ClInclude Include="src\XRE_Editor.h" />
  </ItemGroup>
  <ItemGroup>
    <ClCompile Include="src\Editor\Console.cpp">
      <Filter>Editor</Filter>
    </ClCompile>
    <ClCompile Include="src\Editor\PropertiesPanel.cpp">
      <Filter>Editor</Filter>
    </ClCompile>
    <ClCompile Include="src\Editor\ScenePanel.cpp">
      <Filter>Editor</Filter>
    </ClCompile>
    <ClCompile Include="src\EditorApp.cpp" />
    <ClCompile Include="src\EditorLayer.cpp" />
  </ItemGroup>
</Project>